
Microsoft Visual Studio Solution File, Format Version 12.00
# Visual Studio Version 17
VisualStudioVersion = 17.0.31903.59
MinimumVisualStudioVersion = 10.0.40219.1
Project("{9A19103F-16F7-4668-BE54-9A1E7A4F7556}") = "KristofferStrube.Blazor.CSSFontLoading", "src\KristofferStrube.Blazor.CSSFontLoading\KristofferStrube.Blazor.CSSFontLoading.csproj", "{757BB350-8028-4B7F-93BB-D60C391A4460}"
EndProject
Project("{9A19103F-16F7-4668-BE54-9A1E7A4F7556}") = "KristofferStrube.Blazor.CSSFontLoading.WasmExample", "samples\KristofferStrube.Blazor.CSSFontLoading.WasmExample\KristofferStrube.Blazor.CSSFontLoading.WasmExample.csproj", "{6789ED4F-5B43-4410-B57D-DD3F9DF3F30E}"
EndProject
Global
	GlobalSection(SolutionConfigurationPlatforms) = preSolution
		Debug|Any CPU = Debug|Any CPU
		Release|Any CPU = Release|Any CPU
	EndGlobalSection
	GlobalSection(ProjectConfigurationPlatforms) = postSolution
		{757BB350-8028-4B7F-93BB-D60C391A4460}.Debug|Any CPU.ActiveCfg = Debug|Any CPU
		{757BB350-8028-4B7F-93BB-D60C391A4460}.Debug|Any CPU.Build.0 = Debug|Any CPU
		{757BB350-8028-4B7F-93BB-D60C391A4460}.Release|Any CPU.ActiveCfg = Release|Any CPU
		{757BB350-8028-4B7F-93BB-D60C391A4460}.Release|Any CPU.Build.0 = Release|Any CPU
		{6789ED4F-5B43-4410-B57D-DD3F9DF3F30E}.Debug|Any CPU.ActiveCfg = Debug|Any CPU
		{6789ED4F-5B43-4410-B57D-DD3F9DF3F30E}.Debug|Any CPU.Build.0 = Debug|Any CPU
		{6789ED4F-5B43-4410-B57D-DD3F9DF3F30E}.Release|Any CPU.ActiveCfg = Release|Any CPU
		{6789ED4F-5B43-4410-B57D-DD3F9DF3F30E}.Release|Any CPU.Build.0 = Release|Any CPU
	EndGlobalSection
	GlobalSection(SolutionProperties) = preSolution
		HideSolutionNode = FALSE
	EndGlobalSection
	GlobalSection(ExtensibilityGlobals) = postSolution
		SolutionGuid = {59C0529F-5BF2-4C94-88CE-FDFFE6D125BE}
	EndGlobalSection
EndGlobal
